
Microsoft Visual Studio Solution File, Format Version 12.00
# Visual Studio Version 17
VisualStudioVersion = 17.0.32126.317
MinimumVisualStudioVersion = 10.0.40219.1
Project("{9A19103F-16F7-4668-BE54-9A1E7A4F7556}") = "BNS.Data", "BNS.Data\BNS.Data.csproj", "{262E330C-0260-4A3C-85F8-7BAB684D1121}"
EndProject
Project("{9A19103F-16F7-4668-BE54-9A1E7A4F7556}") = "BNS.Service", "BNS.Application\BNS.Service.csproj", "{9E3DE3CC-8DDC-461D-AE73-9E7F982B244B}"
EndProject
Project("{9A19103F-16F7-4668-BE54-9A1E7A4F7556}") = "BNS.Utilities", "BNS.Utilities\BNS.Utilities.csproj", "{797C7284-355A-48EF-B934-76219D42A96B}"
EndProject
Project("{9A19103F-16F7-4668-BE54-9A1E7A4F7556}") = "BNS.Api", "BNS.Api\BNS.Api.csproj", "{E88C59C4-E5F1-4264-8AA4-B4F728E57568}"
EndProject
Project("{2150E333-8FDC-42A3-9474-1A3956D46DE8}") = "1. Hosts", "1. Hosts", "{E8409DF1-AF47-4C96-A79D-CEA653480FEA}"
EndProject
Project("{2150E333-8FDC-42A3-9474-1A3956D46DE8}") = "2. Application", "2. Application", "{BDBBB00C-7CCE-43FE-B5AB-691C3F499CAC}"
EndProject
Project("{2150E333-8FDC-42A3-9474-1A3956D46DE8}") = "3. Data", "3. Data", "{38A89DFB-726F-4045-8EEE-AC6EA9C22CC4}"
EndProject
Project("{9A19103F-16F7-4668-BE54-9A1E7A4F7556}") = "BNS.Models", "ViewModels\BNS.Models.csproj", "{F70E6DF0-A630-450A-A4D5-06507835EDD9}"
EndProject
Project("{9A19103F-16F7-4668-BE54-9A1E7A4F7556}") = "BNS.Resource", "BNS.Resource\BNS.Resource.csproj", "{1E5EE76F-633E-4684-9FFB-E7F575A02275}"
EndProject
Project("{9A19103F-16F7-4668-BE54-9A1E7A4F7556}") = "BNS.Infrastructure", "BNS.Infrastructure\BNS.Infrastructure.csproj", "{7A0ECC09-0A0D-45B9-87BC-0E5DDABB53F5}"
EndProject
Project("{9A19103F-16F7-4668-BE54-9A1E7A4F7556}") = "BNS.Domain", "BNS.Domain\BNS.Domain.csproj", "{E4911FA3-5AD0-4CE1-95AD-D2C287EE34D1}"
EndProject
Global
	GlobalSection(SolutionConfigurationPlatforms) = preSolution
		Debug|Any CPU = Debug|Any CPU
		Release|Any CPU = Release|Any CPU
	EndGlobalSection
	GlobalSection(ProjectConfigurationPlatforms) = postSolution
		{262E330C-0260-4A3C-85F8-7BAB684D1121}.Debug|Any CPU.ActiveCfg = Debug|Any CPU
		{262E330C-0260-4A3C-85F8-7BAB684D1121}.Debug|Any CPU.Build.0 = Debug|Any CPU
		{262E330C-0260-4A3C-85F8-7BAB684D1121}.Release|Any CPU.ActiveCfg = Release|Any CPU
		{262E330C-0260-4A3C-85F8-7BAB684D1121}.Release|Any CPU.Build.0 = Release|Any CPU
		{9E3DE3CC-8DDC-461D-AE73-9E7F982B244B}.Debug|Any CPU.ActiveCfg = Debug|Any CPU
		{9E3DE3CC-8DDC-461D-AE73-9E7F982B244B}.Debug|Any CPU.Build.0 = Debug|Any CPU
		{9E3DE3CC-8DDC-461D-AE73-9E7F982B244B}.Release|Any CPU.ActiveCfg = Release|Any CPU
		{9E3DE3CC-8DDC-461D-AE73-9E7F982B244B}.Release|Any CPU.Build.0 = Release|Any CPU
		{797C7284-355A-48EF-B934-76219D42A96B}.Debug|Any CPU.ActiveCfg = Debug|Any CPU
		{797C7284-355A-48EF-B934-76219D42A96B}.Debug|Any CPU.Build.0 = Debug|Any CPU
		{797C7284-355A-48EF-B934-76219D42A96B}.Release|Any CPU.ActiveCfg = Release|Any CPU
		{797C7284-355A-48EF-B934-76219D42A96B}.Release|Any CPU.Build.0 = Release|Any CPU
		{E88C59C4-E5F1-4264-8AA4-B4F728E57568}.Debug|Any CPU.ActiveCfg = Debug|Any CPU
		{E88C59C4-E5F1-4264-8AA4-B4F728E57568}.Debug|Any CPU.Build.0 = Debug|Any CPU
		{E88C59C4-E5F1-4264-8AA4-B4F728E57568}.Release|Any CPU.ActiveCfg = Release|Any CPU
		{E88C59C4-E5F1-4264-8AA4-B4F728E57568}.Release|Any CPU.Build.0 = Release|Any CPU
		{F70E6DF0-A630-450A-A4D5-06507835EDD9}.Debug|Any CPU.ActiveCfg = Debug|Any CPU
		{F70E6DF0-A630-450A-A4D5-06507835EDD9}.Debug|Any CPU.Build.0 = Debug|Any CPU
		{F70E6DF0-A630-450A-A4D5-06507835EDD9}.Release|Any CPU.ActiveCfg = Release|Any CPU
		{F70E6DF0-A630-450A-A4D5-06507835EDD9}.Release|Any CPU.Build.0 = Release|Any CPU
		{1E5EE76F-633E-4684-9FFB-E7F575A02275}.Debug|Any CPU.ActiveCfg = Debug|Any CPU
		{1E5EE76F-633E-4684-9FFB-E7F575A02275}.Debug|Any CPU.Build.0 = Debug|Any CPU
		{1E5EE76F-633E-4684-9FFB-E7F575A02275}.Release|Any CPU.ActiveCfg = Release|Any CPU
		{1E5EE76F-633E-4684-9FFB-E7F575A02275}.Release|Any CPU.Build.0 = Release|Any CPU
		{7A0ECC09-0A0D-45B9-87BC-0E5DDABB53F5}.Debug|Any CPU.ActiveCfg = Debug|Any CPU
		{7A0ECC09-0A0D-45B9-87BC-0E5DDABB53F5}.Debug|Any CPU.Build.0 = Debug|Any CPU
		{7A0ECC09-0A0D-45B9-87BC-0E5DDABB53F5}.Release|Any CPU.ActiveCfg = Release|Any CPU
		{7A0ECC09-0A0D-45B9-87BC-0E5DDABB53F5}.Release|Any CPU.Build.0 = Release|Any CPU
		{E4911FA3-5AD0-4CE1-95AD-D2C287EE34D1}.Debug|Any CPU.ActiveCfg = Debug|Any CPU
		{E4911FA3-5AD0-4CE1-95AD-D2C287EE34D1}.Debug|Any CPU.Build.0 = Debug|Any CPU
		{E4911FA3-5AD0-4CE1-95AD-D2C287EE34D1}.Release|Any CPU.ActiveCfg = Release|Any CPU
		{E4911FA3-5AD0-4CE1-95AD-D2C287EE34D1}.Release|Any CPU.Build.0 = Release|Any CPU
	EndGlobalSection
	GlobalSection(SolutionProperties) = preSolution
		HideSolutionNode = FALSE
	EndGlobalSection
	GlobalSection(NestedProjects) = preSolution
		{262E330C-0260-4A3C-85F8-7BAB684D1121} = {38A89DFB-726F-4045-8EEE-AC6EA9C22CC4}
		{9E3DE3CC-8DDC-461D-AE73-9E7F982B244B} = {BDBBB00C-7CCE-43FE-B5AB-691C3F499CAC}
		{E88C59C4-E5F1-4264-8AA4-B4F728E57568} = {E8409DF1-AF47-4C96-A79D-CEA653480FEA}
		{F70E6DF0-A630-450A-A4D5-06507835EDD9} = {38A89DFB-726F-4045-8EEE-AC6EA9C22CC4}
		{1E5EE76F-633E-4684-9FFB-E7F575A02275} = {38A89DFB-726F-4045-8EEE-AC6EA9C22CC4}
		{7A0ECC09-0A0D-45B9-87BC-0E5DDABB53F5} = {BDBBB00C-7CCE-43FE-B5AB-691C3F499CAC}
		{E4911FA3-5AD0-4CE1-95AD-D2C287EE34D1} = {BDBBB00C-7CCE-43FE-B5AB-691C3F499CAC}
	EndGlobalSection
	GlobalSection(ExtensibilityGlobals) = postSolution
		SolutionGuid = {4D285714-5EB6-41CD-97E1-A3819183C57F}
	EndGlobalSection
EndGlobal
